{
  "name": "material-osd",
  "version": "1.0.0",
  "lockfileVersion": 1,
  "requires": true,
  "dependencies": {
    "@mdi/svg": {
      "version": "7.0.96",
      "resolved": "https://registry.npmjs.org/@mdi/svg/-/svg-7.0.96.tgz",
      "integrity": "sha512-5DC+w7Kl2C82j4aTWCUf6wtHzgY60WBf1gT1qrpkLaMNcH6Vj9FpYPAXdSmtdkmSMvVMs8i1Rtv9cXWcHFQYpw==",
      "dev": true
    }
  }
}
